
Microsoft Visual Studio Solution File, Format Version 12.00
# Visual Studio 15
VisualStudioVersion = 15.0.27130.2027
MinimumVisualStudioVersion = 10.0.40219.1
Project("{FAE04EC0-301F-11D3-BF4B-00C04F79EFBC}") = "WebApplication2", "WebApplication2\WebApplication2.csproj", "{DB9D1D10-BF7A-47D1-A653-ECEA911E43A0}"
EndProject
Global
	GlobalSection(SolutionConfigurationPlatforms) = preSolution
		Debug|Any CPU = Debug|Any CPU
		Release|Any CPU = Release|Any CPU
	EndGlobalSection
	GlobalSection(ProjectConfigurationPlatforms) = postSolution
		{DB9D1D10-BF7A-47D1-A653-ECEA911E43A0}.Debug|Any CPU.ActiveCfg = Debug|Any CPU
		{DB9D1D10-BF7A-47D1-A653-ECEA911E43A0}.Debug|Any CPU.Build.0 = Debug|Any CPU
		{DB9D1D10-BF7A-47D1-A653-ECEA911E43A0}.Release|Any CPU.ActiveCfg = Release|Any CPU
		{DB9D1D10-BF7A-47D1-A653-ECEA911E43A0}.Release|Any CPU.Build.0 = Release|Any CPU
	EndGlobalSection
	GlobalSection(SolutionProperties) = preSolution
		HideSolutionNode = FALSE
	EndGlobalSection
	GlobalSection(ExtensibilityGlobals) = postSolution
		SolutionGuid = {0F01DB23-2C0C-43B8-9BB7-E4EB83E6377C}
	EndGlobalSection
EndGlobal
